<?xml version="1.0" encoding="utf-8"?>
<Project ToolsVersion="15.0" xmlns="http://schemas.microsoft.com/developer/msbuild/2003">
  <ItemGroup>
    <ClCompile Include="D:\projects\Portfolio\dependencies\gli\gli\core\dummy.cpp">
      <Filter>Core Files</Filter>
    </ClCompile>
  </ItemGroup>
  <ItemGroup>
    <ClInclude Include="D:\projects\Portfolio\dependencies\gli\gli\clear.hpp">
      <Filter>Header Files</Filter>
    </ClInclude>
    <ClInclude Include="D:\projects\Portfolio\dependencies\gli\gli\comparison.hpp">
      <Filter>Header Files</Filter>
    </ClInclude>
    <ClInclude Include="D:\projects\Portfolio\dependencies\gli\gli\convert.hpp">
      <Filter>Header Files</Filter>
    </ClInclude>
    <ClInclude Include="D:\projects\Portfolio\dependencies\gli\gli\copy.hpp">
      <Filter>Header Files</Filter>
    </ClInclude>
    <ClInclude Include="D:\projects\Portfolio\dependencies\gli\gli\duplicate.hpp">
      <Filter>Header Files</Filter>
    </ClInclude>
    <ClInclude Include="D:\projects\Portfolio\dependencies\gli\gli\dx.hpp">
      <Filter>Header Files</Filter>
    </ClInclude>
    <ClInclude Include="D:\projects\Portfolio\dependencies\gli\gli\format.hpp">
      <Filter>Header Files</Filter>
    </ClInclude>
    <ClInclude Include="D:\projects\Portfolio\dependencies\gli\gli\generate_mipmaps.hpp">
      <Filter>Header Files</Filter>
    </ClInclude>
    <ClInclude Include="D:\projects\Portfolio\dependencies\gli\gli\gl.hpp">
      <Filter>Header Files</Filter>
    </ClInclude>
    <ClInclude Include="D:\projects\Portfolio\dependencies\gli\gli\gli.hpp">
      <Filter>Header Files</Filter>
    </ClInclude>
    <ClInclude Include="D:\projects\Portfolio\dependencies\gli\gli\image.hpp">
      <Filter>Header Files</Filter>
    </ClInclude>
    <ClInclude Include="D:\projects\Portfolio\dependencies\gli\gli\levels.hpp">
      <Filter>Header Files</Filter>
    </ClInclude>
    <ClInclude Include="D:\projects\Portfolio\dependencies\gli\gli\load.hpp">
      <Filter>Header Files</Filter>
    </ClInclude>
    <ClInclude Include="D:\projects\Portfolio\dependencies\gli\gli\load_dds.hpp">
      <Filter>Header Files</Filter>
    </ClInclude>
    <ClInclude Include="D:\projects\Portfolio\dependencies\gli\gli\load_kmg.hpp">
      <Filter>Header Files</Filter>
    </ClInclude>
    <ClInclude Include="D:\projects\Portfolio\dependencies\gli\gli\load_ktx.hpp">
      <Filter>Header Files</Filter>
    </ClInclude>
    <ClInclude Include="D:\projects\Portfolio\dependencies\gli\gli\make_texture.hpp">
      <Filter>Header Files</Filter>
    </ClInclude>
    <ClInclude Include="D:\projects\Portfolio\dependencies\gli\gli\reduce.hpp">
      <Filter>Header Files</Filter>
    </ClInclude>
    <ClInclude Include="D:\projects\Portfolio\dependencies\gli\gli\sampler.hpp">
      <Filter>Header Files</Filter>
    </ClInclude>
    <ClInclude Include="D:\projects\Portfolio\dependencies\gli\gli\sampler1d.hpp">
      <Filter>Header Files</Filter>
    </ClInclude>
    <ClInclude Include="D:\projects\Portfolio\dependencies\gli\gli\sampler1d_array.hpp">
      <Filter>Header Files</Filter>
    </ClInclude>
    <ClInclude Include="D:\projects\Portfolio\dependencies\gli\gli\sampler2d.hpp">
      <Filter>Header Files</Filter>
    </ClInclude>
    <ClInclude Include="D:\projects\Portfolio\dependencies\gli\gli\sampler2d_array.hpp">
      <Filter>Header Files</Filter>
    </ClInclude>
    <ClInclude Include="D:\projects\Portfolio\dependencies\gli\gli\sampler3d.hpp">
      <Filter>Header Files</Filter>
    </ClInclude>
    <ClInclude Include="D:\projects\Portfolio\dependencies\gli\gli\sampler_cube.hpp">
      <Filter>Header Files</Filter>
    </ClInclude>
    <ClInclude Include="D:\projects\Portfolio\dependencies\gli\gli\sampler_cube_array.hpp">
      <Filter>Header Files</Filter>
    </ClInclude>
    <ClInclude Include="D:\projects\Portfolio\dependencies\gli\gli\save.hpp">
      <Filter>Header Files</Filter>
    </ClInclude>
    <ClInclude Include="D:\projects\Portfolio\dependencies\gli\gli\save_dds.hpp">
      <Filter>Header Files</Filter>
    </ClInclude>
    <ClInclude Include="D:\projects\Portfolio\dependencies\gli\gli\save_kmg.hpp">
      <Filter>Header Files</Filter>
    </ClInclude>
    <ClInclude Include="D:\projects\Portfolio\dependencies\gli\gli\save_ktx.hpp">
      <Filter>Header Files</Filter>
    </ClInclude>
    <ClInclude Include="D:\projects\Portfolio\dependencies\gli\gli\target.hpp">
      <Filter>Header Files</Filter>
    </ClInclude>
    <ClInclude Include="D:\projects\Portfolio\dependencies\gli\gli\texture.hpp">
      <Filter>Header Files</Filter>
    </ClInclude>
    <ClInclude Include="D:\projects\Portfolio\dependencies\gli\gli\texture1d.hpp">
      <Filter>Header Files</Filter>
    </ClInclude>
    <ClInclude Include="D:\projects\Portfolio\dependencies\gli\gli\texture1d_array.hpp">
      <Filter>Header Files</Filter>
    </ClInclude>
    <ClInclude Include="D:\projects\Portfolio\dependencies\gli\gli\texture2d.hpp">
      <Filter>Header Files</Filter>
    </ClInclude>
    <ClInclude Include="D:\projects\Portfolio\dependencies\gli\gli\texture2d_array.hpp">
      <Filter>Header Files</Filter>
    </ClInclude>
    <ClInclude Include="D:\projects\Portfolio\dependencies\gli\gli\texture3d.hpp">
      <Filter>Header Files</Filter>
    </ClInclude>
    <ClInclude Include="D:\projects\Portfolio\dependencies\gli\gli\texture_cube.hpp">
      <Filter>Header Files</Filter>
    </ClInclude>
    <ClInclude Include="D:\projects\Portfolio\dependencies\gli\gli\texture_cube_array.hpp">
      <Filter>Header Files</Filter>
    </ClInclude>
    <ClInclude Include="D:\projects\Portfolio\dependencies\gli\gli\transform.hpp">
      <Filter>Header Files</Filter>
    </ClInclude>
    <ClInclude Include="D:\projects\Portfolio\dependencies\gli\gli\type.hpp">
      <Filter>Header Files</Filter>
    </ClInclude>
    <ClInclude Include="D:\projects\Portfolio\dependencies\gli\gli\view.hpp">
      <Filter>Header Files</Filter>
    </ClInclude>
    <ClInclude Include="D:\projects\Portfolio\dependencies\gli\gli\core\bc.inl">
      <Filter>Core Files</Filter>
    </ClInclude>
    <ClInclude Include="D:\projects\Portfolio\dependencies\gli\gli\core\clear.inl">
      <Filter>Core Files</Filter>
    </ClInclude>
    <ClInclude Include="D:\projects\Portfolio\dependencies\gli\gli\core\comparison.inl">
      <Filter>Core Files</Filter>
    </ClInclude>
    <ClInclude Include="D:\projects\Portfolio\dependencies\gli\gli\core\convert.inl">
      <Filter>Core Files</Filter>
    </ClInclude>
    <ClInclude Include="D:\projects\Portfolio\dependencies\gli\gli\core\copy.inl">
      <Filter>Core Files</Filter>
    </ClInclude>
    <ClInclude Include="D:\projects\Portfolio\dependencies\gli\gli\core\duplicate.inl">
      <Filter>Core Files</Filter>
    </ClInclude>
    <ClInclude Include="D:\projects\Portfolio\dependencies\gli\gli\core\dx.inl">
      <Filter>Core Files</Filter>
    </ClInclude>
    <ClInclude Include="D:\projects\Portfolio\dependencies\gli\gli\core\file.inl">
      <Filter>Core Files</Filter>
    </ClInclude>
    <ClInclude Include="D:\projects\Portfolio\dependencies\gli\gli\core\filter.inl">
      <Filter>Core Files</Filter>
    </ClInclude>
    <ClInclude Include="D:\projects\Portfolio\dependencies\gli\gli\core\flip.inl">
      <Filter>Core Files</Filter>
    </ClInclude>
    <ClInclude Include="D:\projects\Portfolio\dependencies\gli\gli\core\format.inl">
      <Filter>Core Files</Filter>
    </ClInclude>
    <ClInclude Include="D:\projects\Portfolio\dependencies\gli\gli\core\generate_mipmaps.inl">
      <Filter>Core Files</Filter>
    </ClInclude>
    <ClInclude Include="D:\projects\Portfolio\dependencies\gli\gli\core\gl.inl">
      <Filter>Core Files</Filter>
    </ClInclude>
    <ClInclude Include="D:\projects\Portfolio\dependencies\gli\gli\core\image.inl">
      <Filter>Core Files</Filter>
    </ClInclude>
    <ClInclude Include="D:\projects\Portfolio\dependencies\gli\gli\core\levels.inl">
      <Filter>Core Files</Filter>
    </ClInclude>
    <ClInclude Include="D:\projects\Portfolio\dependencies\gli\gli\core\load.inl">
      <Filter>Core Files</Filter>
    </ClInclude>
    <ClInclude Include="D:\projects\Portfolio\dependencies\gli\gli\core\load_dds.inl">
      <Filter>Core Files</Filter>
    </ClInclude>
    <ClInclude Include="D:\projects\Portfolio\dependencies\gli\gli\core\load_kmg.inl">
      <Filter>Core Files</Filter>
    </ClInclude>
    <ClInclude Include="D:\projects\Portfolio\dependencies\gli\gli\core\load_ktx.inl">
      <Filter>Core Files</Filter>
    </ClInclude>
    <ClInclude Include="D:\projects\Portfolio\dependencies\gli\gli\core\make_texture.inl">
      <Filter>Core Files</Filter>
    </ClInclude>
    <ClInclude Include="D:\projects\Portfolio\dependencies\gli\gli\core\reduce.inl">
      <Filter>Core Files</Filter>
    </ClInclude>
    <ClInclude Include="D:\projects\Portfolio\dependencies\gli\gli\core\s3tc.inl">
      <Filter>Core Files</Filter>
    </ClInclude>
    <ClInclude Include="D:\projects\Portfolio\dependencies\gli\gli\core\sampler.inl">
      <Filter>Core Files</Filter>
    </ClInclude>
    <ClInclude Include="D:\projects\Portfolio\dependencies\gli\gli\core\sampler1d.inl">
      <Filter>Core Files</Filter>
    </ClInclude>
    <ClInclude Include="D:\projects\Portfolio\dependencies\gli\gli\core\sampler1d_array.inl">
      <Filter>Core Files</Filter>
    </ClInclude>
    <ClInclude Include="D:\projects\Portfolio\dependencies\gli\gli\core\sampler2d.inl">
      <Filter>Core Files</Filter>
    </ClInclude>
    <ClInclude Include="D:\projects\Portfolio\dependencies\gli\gli\core\sampler2d_array.inl">
      <Filter>Core Files</Filter>
    </ClInclude>
    <ClInclude Include="D:\projects\Portfolio\dependencies\gli\gli\core\sampler3d.inl">
      <Filter>Core Files</Filter>
    </ClInclude>
    <ClInclude Include="D:\projects\Portfolio\dependencies\gli\gli\core\sampler_cube.inl">
      <Filter>Core Files</Filter>
    </ClInclude>
    <ClInclude Include="D:\projects\Portfolio\dependencies\gli\gli\core\sampler_cube_array.inl">
      <Filter>Core Files</Filter>
    </ClInclude>
    <ClInclude Include="D:\projects\Portfolio\dependencies\gli\gli\core\save.inl">
      <Filter>Core Files</Filter>
    </ClInclude>
    <ClInclude Include="D:\projects\Portfolio\dependencies\gli\gli\core\save_dds.inl">
      <Filter>Core Files</Filter>
    </ClInclude>
    <ClInclude Include="D:\projects\Portfolio\dependencies\gli\gli\core\save_kmg.inl">
      <Filter>Core Files</Filter>
    </ClInclude>
    <ClInclude Include="D:\projects\Portfolio\dependencies\gli\gli\core\save_ktx.inl">
      <Filter>Core Files</Filter>
    </ClInclude>
    <ClInclude Include="D:\projects\Portfolio\dependencies\gli\gli\core\storage.inl">
      <Filter>Core Files</Filter>
    </ClInclude>
    <ClInclude Include="D:\projects\Portfolio\dependencies\gli\gli\core\storage_linear.inl">
      <Filter>Core Files</Filter>
    </ClInclude>
    <ClInclude Include="D:\projects\Portfolio\dependencies\gli\gli\core\texture.inl">
      <Filter>Core Files</Filter>
    </ClInclude>
    <ClInclude Include="D:\projects\Portfolio\dependencies\gli\gli\core\texture1d.inl">
      <Filter>Core Files</Filter>
    </ClInclude>
    <ClInclude Include="D:\projects\Portfolio\dependencies\gli\gli\core\texture1d_array.inl">
      <Filter>Core Files</Filter>
    </ClInclude>
    <ClInclude Include="D:\projects\Portfolio\dependencies\gli\gli\core\texture2d.inl">
      <Filter>Core Files</Filter>
    </ClInclude>
    <ClInclude Include="D:\projects\Portfolio\dependencies\gli\gli\core\texture2d_array.inl">
      <Filter>Core Files</Filter>
    </ClInclude>
    <ClInclude Include="D:\projects\Portfolio\dependencies\gli\gli\core\texture3d.inl">
      <Filter>Core Files</Filter>
    </ClInclude>
    <ClInclude Include="D:\projects\Portfolio\dependencies\gli\gli\core\texture_cube.inl">
      <Filter>Core Files</Filter>
    </ClInclude>
    <ClInclude Include="D:\projects\Portfolio\dependencies\gli\gli\core\texture_cube_array.inl">
      <Filter>Core Files</Filter>
    </ClInclude>
    <ClInclude Include="D:\projects\Portfolio\dependencies\gli\gli\core\transform.inl">
      <Filter>Core Files</Filter>
    </ClInclude>
    <ClInclude Include="D:\projects\Portfolio\dependencies\gli\gli\core\view.inl">
      <Filter>Core Files</Filter>
    </ClInclude>
    <ClInclude Include="D:\projects\Portfolio\dependencies\gli\gli\core\bc.hpp">
      <Filter>Core Files</Filter>
    </ClInclude>
    <ClInclude Include="D:\projects\Portfolio\dependencies\gli\gli\core\clear.hpp">
      <Filter>Core Files</Filter>
    </ClInclude>
    <ClInclude Include="D:\projects\Portfolio\dependencies\gli\gli\core\convert_func.hpp">
      <Filter>Core Files</Filter>
    </ClInclude>
    <ClInclude Include="D:\projects\Portfolio\dependencies\gli\gli\core\coord.hpp">
      <Filter>Core Files</Filter>
    </ClInclude>
    <ClInclude Include="D:\projects\Portfolio\dependencies\gli\gli\core\file.hpp">
      <Filter>Core Files</Filter>
    </ClInclude>
    <ClInclude Include="D:\projects\Portfolio\dependencies\gli\gli\core\filter.hpp">
      <Filter>Core Files</Filter>
    </ClInclude>
    <ClInclude Include="D:\projects\Portfolio\dependencies\gli\gli\core\filter_compute.hpp">
      <Filter>Core Files</Filter>
    </ClInclude>
    <ClInclude Include="D:\projects\Portfolio\dependencies\gli\gli\core\flip.hpp">
      <Filter>Core Files</Filter>
    </ClInclude>
    <ClInclude Include="D:\projects\Portfolio\dependencies\gli\gli\core\mipmaps_compute.hpp">
      <Filter>Core Files</Filter>
    </ClInclude>
    <ClInclude Include="D:\projects\Portfolio\dependencies\gli\gli\core\s3tc.hpp">
      <Filter>Core Files</Filter>
    </ClInclude>
    <ClInclude Include="D:\projects\Portfolio\dependencies\gli\gli\core\storage.hpp">
      <Filter>Core Files</Filter>
    </ClInclude>
    <ClInclude Include="D:\projects\Portfolio\dependencies\gli\gli\core\storage_linear.hpp">
      <Filter>Core Files</Filter>
    </ClInclude>
    <ClInclude Include="D:\projects\Portfolio\dependencies\gli\gli\core\workaround.hpp">
      <Filter>Core Files</Filter>
    </ClInclude>
  </ItemGroup>
  <ItemGroup>
    <CustomBuild Include="D:\projects\Portfolio\dependencies\gli\gli\CMakeLists.txt" />
  </ItemGroup>
  <ItemGroup>
    <None Include="D:\projects\Portfolio\dependencies\gli\CMakeCache.txt">
      <Filter>Text Files</Filter>
    </None>
    <None Include="D:\projects\Portfolio\dependencies\gli\CMakeLists.txt">
      <Filter>Text Files</Filter>
    </None>
    <None Include="D:\projects\Portfolio\dependencies\gli\manual.md">
      <Filter>Text Files</Filter>
    </None>
    <None Include="D:\projects\Portfolio\dependencies\gli\readme.md">
      <Filter>Text Files</Filter>
    </None>
    <None Include="D:\projects\Portfolio\dependencies\gli\doc\spec\index.html">
      <Filter>KMG Spec</Filter>
    </None>
  </ItemGroup>
  <ItemGroup>
    <Filter Include="Core Files">
      <UniqueIdentifier>{1EED09E2-36A4-372A-8AF9-37BF5C8FF031}</UniqueIdentifier>
    </Filter>
    <Filter Include="Header Files">
      <UniqueIdentifier>{90BEA3FE-1F65-3BD5-9B7C-95587BB38593}</UniqueIdentifier>
    </Filter>
    <Filter Include="KMG Spec">
      <UniqueIdentifier>{C1821033-47D8-3135-9781-792E2CC6BF83}</UniqueIdentifier>
    </Filter>
    <Filter Include="Text Files">
      <UniqueIdentifier>{14B35D4E-C1FE-3D54-B417-D66B1F264192}</UniqueIdentifier>
    </Filter>
  </ItemGroup>
</Project>
