<?xml version="1.0" encoding="utf-8"?>
<Project ToolsVersion="16.0" xmlns="http://schemas.microsoft.com/developer/msbuild/2003">
  <ItemGroup>
    <CustomBuild Include="D:\projects\Portfolio\CMakeFiles\11585db3917d02f8393bd5ab8087c462\INSTALL_force.rule">
      <Filter>CMake Rules</Filter>
    </CustomBuild>
  </ItemGroup>
  <ItemGroup>
    <Filter Include="CMake Rules">
      <UniqueIdentifier>{58F35143-203A-3394-919D-4995A9CD5A46}</UniqueIdentifier>
    </Filter>
  </ItemGroup>
</Project>
