
Microsoft Visual Studio Solution File, Format Version 12.00
# Visual Studio Version 17
Project("{8BC9CEB8-8B4A-11D0-8D11-00A0C91BC942}") = "ALL_BUILD", "ALL_BUILD.vcxproj", "{4EAEA056-F761-31DB-AE0E-57AA9B35266B}"
	ProjectSection(ProjectDependencies) = postProject
		{DC316A00-A8EB-32B3-82A2-B403E7DBBBDB} = {DC316A00-A8EB-32B3-82A2-B403E7DBBBDB}
		{5023B8F8-E410-3DAC-8441-66B0D3B8FBB4} = {5023B8F8-E410-3DAC-8441-66B0D3B8FBB4}
	EndProjectSection
EndProject
Project("{8BC9CEB8-8B4A-11D0-8D11-00A0C91BC942}") = "TinyClock_Example", "TinyClock_Example.vcxproj", "{DC316A00-A8EB-32B3-82A2-B403E7DBBBDB}"
	ProjectSection(ProjectDependencies) = postProject
		{5023B8F8-E410-3DAC-8441-66B0D3B8FBB4} = {5023B8F8-E410-3DAC-8441-66B0D3B8FBB4}
	EndProjectSection
EndProject
Project("{8BC9CEB8-8B4A-11D0-8D11-00A0C91BC942}") = "ZERO_CHECK", "..\..\..\\ZERO_CHECK.vcxproj", "{5023B8F8-E410-3DAC-8441-66B0D3B8FBB4}"
	ProjectSection(ProjectDependencies) = postProject
	EndProjectSection
EndProject
Global
	GlobalSection(SolutionConfigurationPlatforms) = preSolution
		Debug|x64 = Debug|x64
		Release|x64 = Release|x64
		MinSizeRel|x64 = MinSizeRel|x64
		RelWithDebInfo|x64 = RelWithDebInfo|x64
	EndGlobalSection
	GlobalSection(ProjectConfigurationPlatforms) = postSolution
		{4EAEA056-F761-31DB-AE0E-57AA9B35266B}.Debug|x64.ActiveCfg = Debug|x64
		{4EAEA056-F761-31DB-AE0E-57AA9B35266B}.Release|x64.ActiveCfg = Release|x64
		{4EAEA056-F761-31DB-AE0E-57AA9B35266B}.MinSizeRel|x64.ActiveCfg = MinSizeRel|x64
		{4EAEA056-F761-31DB-AE0E-57AA9B35266B}.RelWithDebInfo|x64.ActiveCfg = RelWithDebInfo|x64
		{DC316A00-A8EB-32B3-82A2-B403E7DBBBDB}.Debug|x64.ActiveCfg = Debug|x64
		{DC316A00-A8EB-32B3-82A2-B403E7DBBBDB}.Debug|x64.Build.0 = Debug|x64
		{DC316A00-A8EB-32B3-82A2-B403E7DBBBDB}.Release|x64.ActiveCfg = Release|x64
		{DC316A00-A8EB-32B3-82A2-B403E7DBBBDB}.Release|x64.Build.0 = Release|x64
		{DC316A00-A8EB-32B3-82A2-B403E7DBBBDB}.MinSizeRel|x64.ActiveCfg = MinSizeRel|x64
		{DC316A00-A8EB-32B3-82A2-B403E7DBBBDB}.MinSizeRel|x64.Build.0 = MinSizeRel|x64
		{DC316A00-A8EB-32B3-82A2-B403E7DBBBDB}.RelWithDebInfo|x64.ActiveCfg = RelWithDebInfo|x64
		{DC316A00-A8EB-32B3-82A2-B403E7DBBBDB}.RelWithDebInfo|x64.Build.0 = RelWithDebInfo|x64
		{5023B8F8-E410-3DAC-8441-66B0D3B8FBB4}.Debug|x64.ActiveCfg = Debug|x64
		{5023B8F8-E410-3DAC-8441-66B0D3B8FBB4}.Debug|x64.Build.0 = Debug|x64
		{5023B8F8-E410-3DAC-8441-66B0D3B8FBB4}.Release|x64.ActiveCfg = Release|x64
		{5023B8F8-E410-3DAC-8441-66B0D3B8FBB4}.Release|x64.Build.0 = Release|x64
		{5023B8F8-E410-3DAC-8441-66B0D3B8FBB4}.MinSizeRel|x64.ActiveCfg = MinSizeRel|x64
		{5023B8F8-E410-3DAC-8441-66B0D3B8FBB4}.MinSizeRel|x64.Build.0 = MinSizeRel|x64
		{5023B8F8-E410-3DAC-8441-66B0D3B8FBB4}.RelWithDebInfo|x64.ActiveCfg = RelWithDebInfo|x64
		{5023B8F8-E410-3DAC-8441-66B0D3B8FBB4}.RelWithDebInfo|x64.Build.0 = RelWithDebInfo|x64
	EndGlobalSection
	GlobalSection(ExtensibilityGlobals) = postSolution
		SolutionGuid = {10AAFF5B-AB11-337E-A930-44E2D72A839F}
	EndGlobalSection
	GlobalSection(ExtensibilityAddIns) = postSolution
	EndGlobalSection
EndGlobal
